
Microsoft Visual Studio Solution File, Format Version 12.00
# Visual Studio 15
VisualStudioVersion = 15.0.26730.3
MinimumVisualStudioVersion = 10.0.40219.1
Project("{FAE04EC0-301F-11D3-BF4B-00C04F79EFBC}") = "Homework4", "Homework4\Homework4.csproj", "{14CFF696-1ED9-4A16-A87C-9A618CE82985}"
EndProject
Global
	GlobalSection(SolutionConfigurationPlatforms) = preSolution
		Debug|Any CPU = Debug|Any CPU
		Release|Any CPU = Release|Any CPU
	EndGlobalSection
	GlobalSection(ProjectConfigurationPlatforms) = postSolution
		{14CFF696-1ED9-4A16-A87C-9A618CE82985}.Debug|Any CPU.ActiveCfg = Debug|Any CPU
		{14CFF696-1ED9-4A16-A87C-9A618CE82985}.Debug|Any CPU.Build.0 = Debug|Any CPU
		{14CFF696-1ED9-4A16-A87C-9A618CE82985}.Release|Any CPU.ActiveCfg = Release|Any CPU
		{14CFF696-1ED9-4A16-A87C-9A618CE82985}.Release|Any CPU.Build.0 = Release|Any CPU
	EndGlobalSection
	GlobalSection(SolutionProperties) = preSolution
		HideSolutionNode = FALSE
	EndGlobalSection
	GlobalSection(ExtensibilityGlobals) = postSolution
		SolutionGuid = {D5961FA8-C3CD-4F0C-B06A-D415061F1F0E}
	EndGlobalSection
EndGlobal
